
Microsoft Visual Studio Solution File, Format Version 12.00
# Visual Studio 15
VisualStudioVersion = 15.0.28306.52
MinimumVisualStudioVersion = 10.0.40219.1
Project("{FAE04EC0-301F-11D3-BF4B-00C04F79EFBC}") = "GetInfoFiles", "GetInfoFiles\GetInfoFiles.csproj", "{F57E86F8-ECF6-4629-9860-4787D953B36B}"
EndProject
Global
	GlobalSection(SolutionConfigurationPlatforms) = preSolution
		Debug|Any CPU = Debug|Any CPU
		Release|Any CPU = Release|Any CPU
	EndGlobalSection
	GlobalSection(ProjectConfigurationPlatforms) = postSolution
		{F57E86F8-ECF6-4629-9860-4787D953B36B}.Debug|Any CPU.ActiveCfg = Debug|Any CPU
		{F57E86F8-ECF6-4629-9860-4787D953B36B}.Debug|Any CPU.Build.0 = Debug|Any CPU
		{F57E86F8-ECF6-4629-9860-4787D953B36B}.Release|Any CPU.ActiveCfg = Release|Any CPU
		{F57E86F8-ECF6-4629-9860-4787D953B36B}.Release|Any CPU.Build.0 = Release|Any CPU
	EndGlobalSection
	GlobalSection(SolutionProperties) = preSolution
		HideSolutionNode = FALSE
	EndGlobalSection
	GlobalSection(ExtensibilityGlobals) = postSolution
		SolutionGuid = {EA2A1FCF-9350-45BD-85E1-16DA5D06E040}
	EndGlobalSection
EndGlobal
